{
  "object": {
    "pins": [
      {
        "package": "Zip",
        "repositoryURL": "https://github.com/LottieFiles/Zip.git",
        "state": {
          "branch": null,
          "revision": "e16ccb1e0e772b280a2e177e2b6d4d99dd8f9419",
          "version": "2.1.2"
        }
      }
    ]
  },
  "version": 1
}
